
Microsoft Visual Studio Solution File, Format Version 12.00
# Visual Studio 15
VisualStudioVersion = 15.0.27004.2009
MinimumVisualStudioVersion = 10.0.40219.1
Project("{FAE04EC0-301F-11D3-BF4B-00C04F79EFBC}") = "JobLoggerProject", "JobLoggerProject\JobLoggerProject.csproj", "{8D9E4E37-666B-470B-B9D4-8C04DE27F198}"
EndProject
Project("{FAE04EC0-301F-11D3-BF4B-00C04F79EFBC}") = "JobLoggerTests", "JobLoggerTests\JobLoggerTests.csproj", "{F4A7B93F-ED44-4639-89B3-04876F00FCA8}"
EndProject
Global
	GlobalSection(SolutionConfigurationPlatforms) = preSolution
		Debug|Any CPU = Debug|Any CPU
		Release|Any CPU = Release|Any CPU
	EndGlobalSection
	GlobalSection(ProjectConfigurationPlatforms) = postSolution
		{8D9E4E37-666B-470B-B9D4-8C04DE27F198}.Debug|Any CPU.ActiveCfg = Debug|Any CPU
		{8D9E4E37-666B-470B-B9D4-8C04DE27F198}.Debug|Any CPU.Build.0 = Debug|Any CPU
		{8D9E4E37-666B-470B-B9D4-8C04DE27F198}.Release|Any CPU.ActiveCfg = Release|Any CPU
		{8D9E4E37-666B-470B-B9D4-8C04DE27F198}.Release|Any CPU.Build.0 = Release|Any CPU
		{F4A7B93F-ED44-4639-89B3-04876F00FCA8}.Debug|Any CPU.ActiveCfg = Debug|Any CPU
		{F4A7B93F-ED44-4639-89B3-04876F00FCA8}.Debug|Any CPU.Build.0 = Debug|Any CPU
		{F4A7B93F-ED44-4639-89B3-04876F00FCA8}.Release|Any CPU.ActiveCfg = Release|Any CPU
		{F4A7B93F-ED44-4639-89B3-04876F00FCA8}.Release|Any CPU.Build.0 = Release|Any CPU
	EndGlobalSection
	GlobalSection(SolutionProperties) = preSolution
		HideSolutionNode = FALSE
	EndGlobalSection
	GlobalSection(ExtensibilityGlobals) = postSolution
		SolutionGuid = {7F4A0743-AD7E-47E6-9F69-12884271C749}
	EndGlobalSection
EndGlobal
